
Microsoft Visual Studio Solution File, Format Version 12.00
Project("{FAE04EC0-301F-11D3-BF4B-00C04F79EFBC}") = "exe1", "exe1\exe1.csproj", "{1213DB4B-ECD0-4A72-97A9-7C4A6C3D57E7}"
EndProject
Project("{FAE04EC0-301F-11D3-BF4B-00C04F79EFBC}") = "exe2", "exe2\exe2.csproj", "{3DEC2F68-9AC7-4B67-A322-D6416AFD45A5}"
EndProject
Project("{FAE04EC0-301F-11D3-BF4B-00C04F79EFBC}") = "exe3", "exe3\exe3.csproj", "{10BED9EF-8130-48A9-8F90-1D7D28D3F5F4}"
EndProject
Project("{FAE04EC0-301F-11D3-BF4B-00C04F79EFBC}") = "exe4", "exe4\exe4.csproj", "{6FB4CB33-9B34-4B08-A977-5B7A55172962}"
EndProject
Project("{FAE04EC0-301F-11D3-BF4B-00C04F79EFBC}") = "exe5", "exe5\exe5.csproj", "{9AF3DD20-9C3A-4370-9E23-48BFCBFEAA9C}"
EndProject
Global
	GlobalSection(SolutionConfigurationPlatforms) = preSolution
		Debug|Any CPU = Debug|Any CPU
		Release|Any CPU = Release|Any CPU
	EndGlobalSection
	GlobalSection(ProjectConfigurationPlatforms) = postSolution
		{1213DB4B-ECD0-4A72-97A9-7C4A6C3D57E7}.Debug|Any CPU.ActiveCfg = Debug|Any CPU
		{1213DB4B-ECD0-4A72-97A9-7C4A6C3D57E7}.Debug|Any CPU.Build.0 = Debug|Any CPU
		{1213DB4B-ECD0-4A72-97A9-7C4A6C3D57E7}.Release|Any CPU.ActiveCfg = Release|Any CPU
		{1213DB4B-ECD0-4A72-97A9-7C4A6C3D57E7}.Release|Any CPU.Build.0 = Release|Any CPU
		{3DEC2F68-9AC7-4B67-A322-D6416AFD45A5}.Debug|Any CPU.ActiveCfg = Debug|Any CPU
		{3DEC2F68-9AC7-4B67-A322-D6416AFD45A5}.Debug|Any CPU.Build.0 = Debug|Any CPU
		{3DEC2F68-9AC7-4B67-A322-D6416AFD45A5}.Release|Any CPU.ActiveCfg = Release|Any CPU
		{3DEC2F68-9AC7-4B67-A322-D6416AFD45A5}.Release|Any CPU.Build.0 = Release|Any CPU
		{10BED9EF-8130-48A9-8F90-1D7D28D3F5F4}.Debug|Any CPU.ActiveCfg = Debug|Any CPU
		{10BED9EF-8130-48A9-8F90-1D7D28D3F5F4}.Debug|Any CPU.Build.0 = Debug|Any CPU
		{10BED9EF-8130-48A9-8F90-1D7D28D3F5F4}.Release|Any CPU.ActiveCfg = Release|Any CPU
		{10BED9EF-8130-48A9-8F90-1D7D28D3F5F4}.Release|Any CPU.Build.0 = Release|Any CPU
		{6FB4CB33-9B34-4B08-A977-5B7A55172962}.Debug|Any CPU.ActiveCfg = Debug|Any CPU
		{6FB4CB33-9B34-4B08-A977-5B7A55172962}.Debug|Any CPU.Build.0 = Debug|Any CPU
		{6FB4CB33-9B34-4B08-A977-5B7A55172962}.Release|Any CPU.ActiveCfg = Release|Any CPU
		{6FB4CB33-9B34-4B08-A977-5B7A55172962}.Release|Any CPU.Build.0 = Release|Any CPU
		{9AF3DD20-9C3A-4370-9E23-48BFCBFEAA9C}.Debug|Any CPU.ActiveCfg = Debug|Any CPU
		{9AF3DD20-9C3A-4370-9E23-48BFCBFEAA9C}.Debug|Any CPU.Build.0 = Debug|Any CPU
		{9AF3DD20-9C3A-4370-9E23-48BFCBFEAA9C}.Release|Any CPU.ActiveCfg = Release|Any CPU
		{9AF3DD20-9C3A-4370-9E23-48BFCBFEAA9C}.Release|Any CPU.Build.0 = Release|Any CPU
	EndGlobalSection
EndGlobal
